
Microsoft Visual Studio Solution File, Format Version 12.00
# Visual Studio Version 17
VisualStudioVersion = 17.6.33829.357
MinimumVisualStudioVersion = 10.0.40219.1
Project("{8BC9CEB8-8B4A-11D0-8D11-00A0C91BC942}") = "snake", "snake\snake.vcxproj", "{50609081-529B-4436-AFF4-D457A0A8B36F}"
EndProject
Project("{8BC9CEB8-8B4A-11D0-8D11-00A0C91BC942}") = "battleship", "battleship\battleship.vcxproj", "{24334159-4963-4644-BC5F-E628D2756A39}"
EndProject
Project("{8BC9CEB8-8B4A-11D0-8D11-00A0C91BC942}") = "hangman", "hangman\hangman.vcxproj", "{46088E63-0187-4FA6-A141-2E81FA515488}"
EndProject
Project("{8BC9CEB8-8B4A-11D0-8D11-00A0C91BC942}") = "wordle", "wordle\wordle.vcxproj", "{1E4C8427-ABD3-4C8E-A394-F2B8CE9A27B2}"
EndProject
Global
	GlobalSection(SolutionConfigurationPlatforms) = preSolution
		Debug|x64 = Debug|x64
		Debug|x86 = Debug|x86
		Release|x64 = Release|x64
		Release|x86 = Release|x86
	EndGlobalSection
	GlobalSection(ProjectConfigurationPlatforms) = postSolution
		{50609081-529B-4436-AFF4-D457A0A8B36F}.Debug|x64.ActiveCfg = Debug|x64
		{50609081-529B-4436-AFF4-D457A0A8B36F}.Debug|x64.Build.0 = Debug|x64
		{50609081-529B-4436-AFF4-D457A0A8B36F}.Debug|x86.ActiveCfg = Debug|Win32
		{50609081-529B-4436-AFF4-D457A0A8B36F}.Debug|x86.Build.0 = Debug|Win32
		{50609081-529B-4436-AFF4-D457A0A8B36F}.Release|x64.ActiveCfg = Release|x64
		{50609081-529B-4436-AFF4-D457A0A8B36F}.Release|x64.Build.0 = Release|x64
		{50609081-529B-4436-AFF4-D457A0A8B36F}.Release|x86.ActiveCfg = Release|Win32
		{50609081-529B-4436-AFF4-D457A0A8B36F}.Release|x86.Build.0 = Release|Win32
		{24334159-4963-4644-BC5F-E628D2756A39}.Debug|x64.ActiveCfg = Debug|x64
		{24334159-4963-4644-BC5F-E628D2756A39}.Debug|x64.Build.0 = Debug|x64
		{24334159-4963-4644-BC5F-E628D2756A39}.Debug|x86.ActiveCfg = Debug|Win32
		{24334159-4963-4644-BC5F-E628D2756A39}.Debug|x86.Build.0 = Debug|Win32
		{24334159-4963-4644-BC5F-E628D2756A39}.Release|x64.ActiveCfg = Release|x64
		{24334159-4963-4644-BC5F-E628D2756A39}.Release|x64.Build.0 = Release|x64
		{24334159-4963-4644-BC5F-E628D2756A39}.Release|x86.ActiveCfg = Release|Win32
		{24334159-4963-4644-BC5F-E628D2756A39}.Release|x86.Build.0 = Release|Win32
		{46088E63-0187-4FA6-A141-2E81FA515488}.Debug|x64.ActiveCfg = Debug|x64
		{46088E63-0187-4FA6-A141-2E81FA515488}.Debug|x64.Build.0 = Debug|x64
		{46088E63-0187-4FA6-A141-2E81FA515488}.Debug|x86.ActiveCfg = Debug|Win32
		{46088E63-0187-4FA6-A141-2E81FA515488}.Debug|x86.Build.0 = Debug|Win32
		{46088E63-0187-4FA6-A141-2E81FA515488}.Release|x64.ActiveCfg = Release|x64
		{46088E63-0187-4FA6-A141-2E81FA515488}.Release|x64.Build.0 = Release|x64
		{46088E63-0187-4FA6-A141-2E81FA515488}.Release|x86.ActiveCfg = Release|Win32
		{46088E63-0187-4FA6-A141-2E81FA515488}.Release|x86.Build.0 = Release|Win32
		{1E4C8427-ABD3-4C8E-A394-F2B8CE9A27B2}.Debug|x64.ActiveCfg = Debug|x64
		{1E4C8427-ABD3-4C8E-A394-F2B8CE9A27B2}.Debug|x64.Build.0 = Debug|x64
		{1E4C8427-ABD3-4C8E-A394-F2B8CE9A27B2}.Debug|x86.ActiveCfg = Debug|Win32
		{1E4C8427-ABD3-4C8E-A394-F2B8CE9A27B2}.Debug|x86.Build.0 = Debug|Win32
		{1E4C8427-ABD3-4C8E-A394-F2B8CE9A27B2}.Release|x64.ActiveCfg = Release|x64
		{1E4C8427-ABD3-4C8E-A394-F2B8CE9A27B2}.Release|x64.Build.0 = Release|x64
		{1E4C8427-ABD3-4C8E-A394-F2B8CE9A27B2}.Release|x86.ActiveCfg = Release|Win32
		{1E4C8427-ABD3-4C8E-A394-F2B8CE9A27B2}.Release|x86.Build.0 = Release|Win32
	EndGlobalSection
	GlobalSection(SolutionProperties) = preSolution
		HideSolutionNode = FALSE
	EndGlobalSection
	GlobalSection(ExtensibilityGlobals) = postSolution
		SolutionGuid = {2316AB6D-6E0F-4962-854D-425B6884852C}
	EndGlobalSection
EndGlobal
